
Microsoft Visual Studio Solution File, Format Version 12.00
# Visual Studio Version 17
VisualStudioVersion = 17.2.32616.157
MinimumVisualStudioVersion = 10.0.40219.1
Project("{FAE04EC0-301F-11D3-BF4B-00C04F79EFBC}") = "TakeADump", "TakeADump\TakeADump.csproj", "{D0E6ED92-C446-43D4-BAA4-D029291235A7}"
EndProject
Global
	GlobalSection(SolutionConfigurationPlatforms) = preSolution
		Debug|Any CPU = Debug|Any CPU
		Release|Any CPU = Release|Any CPU
	EndGlobalSection
	GlobalSection(ProjectConfigurationPlatforms) = postSolution
		{D0E6ED92-C446-43D4-BAA4-D029291235A7}.Debug|Any CPU.ActiveCfg = Debug|Any CPU
		{D0E6ED92-C446-43D4-BAA4-D029291235A7}.Debug|Any CPU.Build.0 = Debug|Any CPU
		{D0E6ED92-C446-43D4-BAA4-D029291235A7}.Release|Any CPU.ActiveCfg = Release|Any CPU
		{D0E6ED92-C446-43D4-BAA4-D029291235A7}.Release|Any CPU.Build.0 = Release|Any CPU
	EndGlobalSection
	GlobalSection(SolutionProperties) = preSolution
		HideSolutionNode = FALSE
	EndGlobalSection
	GlobalSection(ExtensibilityGlobals) = postSolution
		SolutionGuid = {7DFE858D-DE0F-4A36-8CA8-16F72DF614AD}
	EndGlobalSection
EndGlobal
